schema_version: 2
record_kind: production
reference_id: ref-cline-skills-lock
harness_id: cline
snapshot_id: snapshot-cline-repo
locator:
  kind: file_lines
  file: apps/cli/skills-lock.json
  start: 1
  end: 11
official_url: "https://github.com/cline/cline"
excerpt: |-
  {
  	"version": 1,
  	"skills": {
  		"opentui": {
  			"source": "msmps/opentui-skill",
  			"sourceType": "github",
  			"computedHash": "2915038bb3297e759f740f9e6bfa885ed80a4a7fe945825f5874b48db9ce0fd2"
  		}
  	}
  }
