schema_version: 2
record_kind: production
reference_id: ref-lovable-wsid-lock
harness_id: lovable
snapshot_id: snapshot-lovable-docs-workspace-identity
locator:
  kind: document_section
  heading: "Restrict a domain to SSO (domain lock)"
official_url: "https://docs.lovable.dev/features/workspace-identity.md"
excerpt: |-
  **Domain lock** is the term Lovable support uses for a combination of settings that tie a verified domain to your identity provider, so everyone on the domain logs in through SSO and works only in your workspaces. It is not a single setting. You configure two of the settings per workspace. The other two apply to the whole domain, including any other workspace that has verified it. Lovable support enables the two domain-wide settings for workspaces on the Enterprise plan.
  | Setting | Where | Scope | What it does |
  | :- | :- | :- | :- |
  | Verified domain | **Identity → Verified domains** | Per workspace | Proves your company owns the domain. Required for everything below. |
