schema_version: 2
record_kind: production
reference_id: ref-zed-providers-copilot-lm-block
harness_id: zed
snapshot_id: snapshot-zed-repo-20261003
locator:
  kind: file_lines
  file: assets/settings/default.json
  start: 1952
  end: 1957
official_url: "https://github.com/zed-industries/zed"
excerpt: |-9
             "copilot": {
               "proxy": null,
               "proxy_no_verify": null,
               "enable_next_edit_suggestions": true,
               "prediction_debounce": 75,
             },
